
Microsoft Visual Studio Solution File, Format Version 12.00
# Visual Studio Version 16
VisualStudioVersion = 16.0.28803.202
MinimumVisualStudioVersion = 10.0.40219.1
Project("{FAE04EC0-301F-11D3-BF4B-00C04F79EFBC}") = "IncrementalBackup", "IncrementalBackup\IncrementalBackup.csproj", "{79A36D53-C0A2-4198-BFC9-0F7EEF2F86A3}"
EndProject
Global
	GlobalSection(SolutionConfigurationPlatforms) = preSolution
		Debug|Any CPU = Debug|Any CPU
		Release|Any CPU = Release|Any CPU
	EndGlobalSection
	GlobalSection(ProjectConfigurationPlatforms) = postSolution
		{79A36D53-C0A2-4198-BFC9-0F7EEF2F86A3}.Debug|Any CPU.ActiveCfg = Debug|Any CPU
		{79A36D53-C0A2-4198-BFC9-0F7EEF2F86A3}.Debug|Any CPU.Build.0 = Debug|Any CPU
		{79A36D53-C0A2-4198-BFC9-0F7EEF2F86A3}.Release|Any CPU.ActiveCfg = Release|Any CPU
		{79A36D53-C0A2-4198-BFC9-0F7EEF2F86A3}.Release|Any CPU.Build.0 = Release|Any CPU
	EndGlobalSection
	GlobalSection(SolutionProperties) = preSolution
		HideSolutionNode = FALSE
	EndGlobalSection
	GlobalSection(ExtensibilityGlobals) = postSolution
		SolutionGuid = {5369BBCA-4FFB-43B9-B3BE-3DBC9A0C20E8}
	EndGlobalSection
EndGlobal
